
Microsoft Visual Studio Solution File, Format Version 12.00
# Visual Studio Version 16
VisualStudioVersion = 16.0.29201.188
MinimumVisualStudioVersion = 10.0.40219.1
Project("{9A19103F-16F7-4668-BE54-9A1E7A4F7556}") = "Producer", "Producer\Producer.csproj", "{A233400E-41C7-41A5-81F4-4A69D6193BA5}"
EndProject
Project("{9A19103F-16F7-4668-BE54-9A1E7A4F7556}") = "Consumer", "Consumer\Consumer.csproj", "{A2C7F4DC-1B38-49C0-8BC5-818AEC9D5AB6}"
EndProject
Global
	GlobalSection(SolutionConfigurationPlatforms) = preSolution
		Debug|Any CPU = Debug|Any CPU
		Release|Any CPU = Release|Any CPU
	EndGlobalSection
	GlobalSection(ProjectConfigurationPlatforms) = postSolution
		{A233400E-41C7-41A5-81F4-4A69D6193BA5}.Debug|Any CPU.ActiveCfg = Debug|Any CPU
		{A233400E-41C7-41A5-81F4-4A69D6193BA5}.Debug|Any CPU.Build.0 = Debug|Any CPU
		{A233400E-41C7-41A5-81F4-4A69D6193BA5}.Release|Any CPU.ActiveCfg = Release|Any CPU
		{A233400E-41C7-41A5-81F4-4A69D6193BA5}.Release|Any CPU.Build.0 = Release|Any CPU
		{A2C7F4DC-1B38-49C0-8BC5-818AEC9D5AB6}.Debug|Any CPU.ActiveCfg = Debug|Any CPU
		{A2C7F4DC-1B38-49C0-8BC5-818AEC9D5AB6}.Debug|Any CPU.Build.0 = Debug|Any CPU
		{A2C7F4DC-1B38-49C0-8BC5-818AEC9D5AB6}.Release|Any CPU.ActiveCfg = Release|Any CPU
		{A2C7F4DC-1B38-49C0-8BC5-818AEC9D5AB6}.Release|Any CPU.Build.0 = Release|Any CPU
	EndGlobalSection
	GlobalSection(SolutionProperties) = preSolution
		HideSolutionNode = FALSE
	EndGlobalSection
	GlobalSection(ExtensibilityGlobals) = postSolution
		SolutionGuid = {72FB3B74-030F-4F90-B69F-C207CC55635C}
	EndGlobalSection
EndGlobal
